{
  "nodes": {
    "bitte-cli": {
      "inputs": {
        "crystal": "crystal",
        "nixpkgs": "nixpkgs_2",
        "utils": "utils_2"
      },
      "locked": {
        "lastModified": 1612386194,
        "narHash": "sha256-8yG7IobXq/UjDepEI88UlIcVBrxtzP9znQLL362oXTY=",
        "owner": "input-output-hk",
        "repo": "bitte-cli",
        "rev": "aa0d804ca6854340ce7a7380b04a18a430432bd5",
        "type": "github"
      },
      "original": {
        "owner": "input-output-hk",
        "repo": "bitte-cli",
        "type": "github"
      }
    },
    "crystal": {
      "inputs": {
        "nixpkgs": "nixpkgs",
        "utils": "utils"
      },
      "locked": {
        "lastModified": 1608083084,
        "narHash": "sha256-zF7F++nIfSA+27qLlJOGSg/IiAsBNBK7Xnm8wKh324I=",
        "owner": "kreisys",
        "repo": "crystal",
        "rev": "5fa991b1f0ce9aa8a0dc8226a0af8d75ae9330ae",
        "type": "github"
      },
      "original": {
        "owner": "kreisys",
        "repo": "crystal",
        "type": "github"
      }
    },
    "inclusive": {
      "inputs": {
        "stdlib": "stdlib"
      },
      "locked": {
        "lastModified": 1594133516,
        "narHash": "sha256-4Z9XU8QRmTU7LldCxwRqkEH5pHJwgW8XmMvqu4t2DEg=",
        "owner": "input-output-hk",
        "repo": "nix-inclusive",
        "rev": "11d05e4f1ca04fd250a9734e27970ad73bbd872d",
        "type": "github"
      },
      "original": {
        "owner": "input-output-hk",
        "repo": "nix-inclusive",
        "type": "github"
      }
    },
    "levant-source": {
      "flake": false,
      "locked": {
        "lastModified": 1607520931,
        "narHash": "sha256-yKLT61uCcgkUWPtaOmruy2uXhJ/ON94QqhoYg2Gulww=",
        "owner": "hashicorp",
        "repo": "levant",
        "rev": "05c6c36fdf24237af32a191d2b14756dbb2a4f24",
        "type": "github"
      },
      "original": {
        "owner": "hashicorp",
        "repo": "levant",
        "rev": "05c6c36fdf24237af32a191d2b14756dbb2a4f24",
        "type": "github"
      }
    },
    "nix": {
      "inputs": {
        "nixpkgs": "nixpkgs_3"
      },
      "locked": {
        "lastModified": 1611933170,
        "narHash": "sha256-fV9oyhuxoIY4WY2PoCEBk3NEK7kVkAj32DJGP7c2FAc=",
        "owner": "NixOS",
        "repo": "nix",
        "rev": "b19aec7eeb8353be6c59b2967a511a5072612d99",
        "type": "github"
      },
      "original": {
        "owner": "NixOS",
        "repo": "nix",
        "rev": "b19aec7eeb8353be6c59b2967a511a5072612d99",
        "type": "github"
      }
    },
    "nixpkgs": {
      "locked": {
        "lastModified": 1608073274,
        "narHash": "sha256-2g5soirxH22xi/2iIzTOtpdRYXSSI4x+OYsDM9Nc4ms=",
        "owner": "NixOS",
        "repo": "nixpkgs",
        "rev": "5d5e970ce04933576957dfbf99cb7d4c1802c60d",
        "type": "github"
      },
      "original": {
        "id": "nixpkgs",
        "type": "indirect"
      }
    },
    "nixpkgs-terraform": {
      "locked": {
        "lastModified": 1601377216,
        "narHash": "sha256-tYwmPuCgibq72ReYrSTXND4RlZllsP9sVrpncggnBz0=",
        "owner": "manveru",
        "repo": "nixpkgs",
        "rev": "e23f63315b452837bfd49b7f17a4fe9cba6e9094",
        "type": "github"
      },
      "original": {
        "owner": "manveru",
        "ref": "terraform-providers",
        "repo": "nixpkgs",
        "type": "github"
      }
    },
    "nixpkgs_2": {
      "locked": {
        "lastModified": 1612282043,
        "narHash": "sha256-MzoN8nI1eydYHuWBAXBcw9Na0XndZHa/VjoxZRWSX68=",
        "owner": "NixOS",
        "repo": "nixpkgs",
        "rev": "fab6fcdceb2560a4ab943830a2b1632458c7a6ff",
        "type": "github"
      },
      "original": {
        "owner": "NixOS",
        "ref": "nixos-unstable",
        "repo": "nixpkgs",
        "type": "github"
      }
    },
    "nixpkgs_3": {
      "locked": {
        "lastModified": 1602702596,
        "narHash": "sha256-fqJ4UgOb4ZUnCDIapDb4gCrtAah5Rnr2/At3IzMitig=",
        "owner": "NixOS",
        "repo": "nixpkgs",
        "rev": "ad0d20345219790533ebe06571f82ed6b034db31",
        "type": "github"
      },
      "original": {
        "id": "nixpkgs",
        "ref": "nixos-20.09-small",
        "type": "indirect"
      }
    },
    "nixpkgs_4": {
      "locked": {
        "lastModified": 1595425804,
        "narHash": "sha256-RM8fHq1PoN8HHVRPKIjYLrXq54Z18iVodQrwxmH/J3g=",
        "owner": "NixOS",
        "repo": "nixpkgs",
        "rev": "b8c367a7bd05e3a514c2b057c09223c74804a21b",
        "type": "github"
      },
      "original": {
        "owner": "NixOS",
        "repo": "nixpkgs",
        "rev": "b8c367a7bd05e3a514c2b057c09223c74804a21b",
        "type": "github"
      }
    },
    "nomad-source": {
      "flake": false,
      "locked": {
        "lastModified": 1614342708,
        "narHash": "sha256-IMqrCKNFN6hdadSZdhQRy6Qhj7xql/dy4jayj+X3Usw=",
        "owner": "manveru",
        "repo": "nomad",
        "rev": "05eb30a1581ce3634744820b692f4025a69993cd",
        "type": "github"
      },
      "original": {
        "owner": "manveru",
        "ref": "release-1.0.4",
        "repo": "nomad",
        "type": "github"
      }
    },
    "ops-lib": {
      "flake": false,
      "locked": {
        "lastModified": 1608174889,
        "narHash": "sha256-3q2ncBD//scq9xy39AWqUw+hip44OEz4SWP93WkKJmY=",
        "owner": "input-output-hk",
        "repo": "ops-lib",
        "rev": "f5c44f7b38238a6cff47bc4c62c50212f045b630",
        "type": "github"
      },
      "original": {
        "owner": "input-output-hk",
        "repo": "ops-lib",
        "type": "github"
      }
    },
    "root": {
      "inputs": {
        "bitte-cli": "bitte-cli",
        "crystal": [
          "bitte-cli",
          "crystal"
        ],
        "inclusive": "inclusive",
        "levant-source": "levant-source",
        "nix": "nix",
        "nixpkgs": "nixpkgs_4",
        "nixpkgs-terraform": "nixpkgs-terraform",
        "nomad-source": "nomad-source",
        "ops-lib": "ops-lib",
        "terranix": "terranix",
        "utils": "utils_3"
      }
    },
    "stdlib": {
      "locked": {
        "lastModified": 1590026685,
        "narHash": "sha256-E5INrVvYX/P/UpcoUFDAsuHem+lsqT+/teBs9O7oc9Q=",
        "owner": "manveru",
        "repo": "nix-lib",
        "rev": "99088cf7febcdb21afd375a335dcafa959bef3ed",
        "type": "github"
      },
      "original": {
        "owner": "manveru",
        "repo": "nix-lib",
        "type": "github"
      }
    },
    "terranix": {
      "flake": false,
      "locked": {
        "lastModified": 1592222043,
        "narHash": "sha256-+erur8deRvboe0vWn35ukKS0BQfX1wIVLXIrTsMRGjw=",
        "owner": "manveru",
        "repo": "terranix",
        "rev": "40bea9e1b24086c6c39ffa5d09bde56ef064fe6a",
        "type": "github"
      },
      "original": {
        "owner": "manveru",
        "ref": "cleanup",
        "repo": "terranix",
        "type": "github"
      }
    },
    "utils": {
      "locked": {
        "lastModified": 1608083023,
        "narHash": "sha256-0OeP7iDNsX/9rasi04wI7q8S3VO0gVxQKXx25Re3ER0=",
        "owner": "kreisys",
        "repo": "flake-utils",
        "rev": "981afef38507fac81120aa0c0bc4d37e4e3a2019",
        "type": "github"
      },
      "original": {
        "owner": "kreisys",
        "repo": "flake-utils",
        "type": "github"
      }
    },
    "utils_2": {
      "locked": {
        "lastModified": 1608147279,
        "narHash": "sha256-y+xwuD1DfITtdo3O0t58rv5EjZPOqhjMsa6gLow2weI=",
        "owner": "kreisys",
        "repo": "flake-utils",
        "rev": "eca8189ade92ad1b887ba56bd00b5786b9d490b1",
        "type": "github"
      },
      "original": {
        "owner": "kreisys",
        "repo": "flake-utils",
        "type": "github"
      }
    },
    "utils_3": {
      "locked": {
        "lastModified": 1601282935,
        "narHash": "sha256-WQAFV6sGGQxrRs3a+/Yj9xUYvhTpukQJIcMbIi7LCJ4=",
        "owner": "numtide",
        "repo": "flake-utils",
        "rev": "588973065fce51f4763287f0fda87a174d78bf48",
        "type": "github"
      },
      "original": {
        "owner": "numtide",
        "repo": "flake-utils",
        "type": "github"
      }
    }
  },
  "root": "root",
  "version": 7
}
