{
  "nodes": {
    "cli": {
      "inputs": {
        "crystal": "crystal",
        "nixpkgs": "nixpkgs_2",
        "utils": "utils_2"
      },
      "locked": {
        "lastModified": 1612386194,
        "narHash": "sha256-8yG7IobXq/UjDepEI88UlIcVBrxtzP9znQLL362oXTY=",
        "owner": "input-output-hk",
        "repo": "bitte-cli",
        "rev": "aa0d804ca6854340ce7a7380b04a18a430432bd5",
        "type": "github"
      },
      "original": {
        "owner": "input-output-hk",
        "repo": "bitte-cli",
        "type": "github"
      }
    },
    "crystal": {
      "inputs": {
        "nixpkgs": "nixpkgs",
        "utils": "utils"
      },
      "locked": {
        "lastModified": 1608083084,
        "narHash": "sha256-zF7F++nIfSA+27qLlJOGSg/IiAsBNBK7Xnm8wKh324I=",
        "owner": "kreisys",
        "repo": "crystal",
        "rev": "5fa991b1f0ce9aa8a0dc8226a0af8d75ae9330ae",
        "type": "github"
      },
      "original": {
        "owner": "kreisys",
        "repo": "crystal",
        "type": "github"
      }
    },
    "devshell": {
      "locked": {
        "lastModified": 1613310953,
        "narHash": "sha256-GhAwxJ0Jfsj8LIQmEQylpVkcThUJgPChjo48DZeBQZA=",
        "owner": "numtide",
        "repo": "devshell",
        "rev": "f64db97388dda7c2c6f8fb7aa5d6d08365fb1e01",
        "type": "github"
      },
      "original": {
        "owner": "numtide",
        "repo": "devshell",
        "type": "github"
      }
    },
    "levant-source": {
      "flake": false,
      "locked": {
        "lastModified": 1607520931,
        "narHash": "sha256-yKLT61uCcgkUWPtaOmruy2uXhJ/ON94QqhoYg2Gulww=",
        "owner": "hashicorp",
        "repo": "levant",
        "rev": "05c6c36fdf24237af32a191d2b14756dbb2a4f24",
        "type": "github"
      },
      "original": {
        "owner": "hashicorp",
        "repo": "levant",
        "rev": "05c6c36fdf24237af32a191d2b14756dbb2a4f24",
        "type": "github"
      }
    },
    "lowdown-src": {
      "flake": false,
      "locked": {
        "lastModified": 1598695561,
        "narHash": "sha256-gyH/5j+h/nWw0W8AcR2WKvNBUsiQ7QuxqSJNXAwV+8E=",
        "owner": "kristapsdz",
        "repo": "lowdown",
        "rev": "1705b4a26fbf065d9574dce47a94e8c7c79e052f",
        "type": "github"
      },
      "original": {
        "owner": "kristapsdz",
        "repo": "lowdown",
        "type": "github"
      }
    },
    "nix": {
      "inputs": {
        "lowdown-src": "lowdown-src",
        "nixpkgs": "nixpkgs_3"
      },
      "locked": {
        "lastModified": 1610536613,
        "narHash": "sha256-8ANbt7xwjE2SF/RMpV+TVrjNd9NLygSozheEpta7WRI=",
        "owner": "NixOS",
        "repo": "nix",
        "rev": "4e9cec79bf5302108a031b3910f63baccf719eb5",
        "type": "github"
      },
      "original": {
        "owner": "NixOS",
        "repo": "nix",
        "rev": "4e9cec79bf5302108a031b3910f63baccf719eb5",
        "type": "github"
      }
    },
    "nixpkgs": {
      "locked": {
        "lastModified": 1608073274,
        "narHash": "sha256-2g5soirxH22xi/2iIzTOtpdRYXSSI4x+OYsDM9Nc4ms=",
        "owner": "NixOS",
        "repo": "nixpkgs",
        "rev": "5d5e970ce04933576957dfbf99cb7d4c1802c60d",
        "type": "github"
      },
      "original": {
        "id": "nixpkgs",
        "type": "indirect"
      }
    },
    "nixpkgs_2": {
      "locked": {
        "lastModified": 1612282043,
        "narHash": "sha256-MzoN8nI1eydYHuWBAXBcw9Na0XndZHa/VjoxZRWSX68=",
        "owner": "NixOS",
        "repo": "nixpkgs",
        "rev": "fab6fcdceb2560a4ab943830a2b1632458c7a6ff",
        "type": "github"
      },
      "original": {
        "owner": "NixOS",
        "ref": "nixos-unstable",
        "repo": "nixpkgs",
        "type": "github"
      }
    },
    "nixpkgs_3": {
      "locked": {
        "lastModified": 1602702596,
        "narHash": "sha256-fqJ4UgOb4ZUnCDIapDb4gCrtAah5Rnr2/At3IzMitig=",
        "owner": "NixOS",
        "repo": "nixpkgs",
        "rev": "ad0d20345219790533ebe06571f82ed6b034db31",
        "type": "github"
      },
      "original": {
        "id": "nixpkgs",
        "ref": "nixos-20.09-small",
        "type": "indirect"
      }
    },
    "nixpkgs_4": {
      "locked": {
        "lastModified": 1613498294,
        "narHash": "sha256-lE99DxsnQ4BnIxqrbZhyZ060TfajyllXELYAksTWnAw=",
        "owner": "NixOS",
        "repo": "nixpkgs",
        "rev": "76561002c20ac5b6a41fe659363ca011fd790591",
        "type": "github"
      },
      "original": {
        "id": "nixpkgs",
        "type": "indirect"
      }
    },
    "nomad-source": {
      "flake": false,
      "locked": {
        "lastModified": 1611841139,
        "narHash": "sha256-6tgqFnRB9efZ+8wab7lyTHLcXmLd7JD5chq83p+WXns=",
        "owner": "manveru",
        "repo": "nomad",
        "rev": "079e7e20582cdba660678f6a86bf96f93c3db2da",
        "type": "github"
      },
      "original": {
        "owner": "manveru",
        "ref": "release-1.0.2",
        "repo": "nomad",
        "type": "github"
      }
    },
    "ops-lib": {
      "flake": false,
      "locked": {
        "lastModified": 1613384522,
        "narHash": "sha256-TFWn7WGNDBMCkVP8V0Njv4OXpbQAnSatShYpZMWpB8Y=",
        "owner": "input-output-hk",
        "repo": "ops-lib",
        "rev": "772ccb3c5f24c12b7fb8bc481b241f55f0191fdc",
        "type": "github"
      },
      "original": {
        "owner": "input-output-hk",
        "repo": "ops-lib",
        "type": "github"
      }
    },
    "root": {
      "inputs": {
        "cli": "cli",
        "devshell": "devshell",
        "levant-source": "levant-source",
        "nix": "nix",
        "nixpkgs": "nixpkgs_4",
        "nomad-source": "nomad-source",
        "ops-lib": "ops-lib",
        "terranix": "terranix",
        "utils": "utils_3"
      }
    },
    "terranix": {
      "flake": false,
      "locked": {
        "lastModified": 1592222043,
        "narHash": "sha256-+erur8deRvboe0vWn35ukKS0BQfX1wIVLXIrTsMRGjw=",
        "owner": "manveru",
        "repo": "terranix",
        "rev": "40bea9e1b24086c6c39ffa5d09bde56ef064fe6a",
        "type": "github"
      },
      "original": {
        "owner": "manveru",
        "ref": "cleanup",
        "repo": "terranix",
        "type": "github"
      }
    },
    "utils": {
      "locked": {
        "lastModified": 1608083023,
        "narHash": "sha256-0OeP7iDNsX/9rasi04wI7q8S3VO0gVxQKXx25Re3ER0=",
        "owner": "kreisys",
        "repo": "flake-utils",
        "rev": "981afef38507fac81120aa0c0bc4d37e4e3a2019",
        "type": "github"
      },
      "original": {
        "owner": "kreisys",
        "repo": "flake-utils",
        "type": "github"
      }
    },
    "utils_2": {
      "locked": {
        "lastModified": 1608147279,
        "narHash": "sha256-y+xwuD1DfITtdo3O0t58rv5EjZPOqhjMsa6gLow2weI=",
        "owner": "kreisys",
        "repo": "flake-utils",
        "rev": "eca8189ade92ad1b887ba56bd00b5786b9d490b1",
        "type": "github"
      },
      "original": {
        "owner": "kreisys",
        "repo": "flake-utils",
        "type": "github"
      }
    },
    "utils_3": {
      "locked": {
        "lastModified": 1613500319,
        "narHash": "sha256-ybAq6pImFCSnwyhhmnnvV567JM4GuhCEG/PHBkSS86U=",
        "owner": "kreisys",
        "repo": "flake-utils",
        "rev": "28e72370213c9bc2cf094ab07b8ac95f3c6bb60f",
        "type": "github"
      },
      "original": {
        "owner": "kreisys",
        "repo": "flake-utils",
        "type": "github"
      }
    }
  },
  "root": "root",
  "version": 7
}
